// !$*UTF8*$!
{
	archiveVersion = 1;
	classes = {
	};
	objectVersion = 46;
	objects = {

/* Begin PBXBuildFile section */
		6BB5F4D91D415402000284E6 /* AppDelegate.swift in Sources */ = {isa = PBXBuildFile; fileRef = 6BB5F4D81D415402000284E6 /* AppDelegate.swift */; };
		6BB5F4DB1D415402000284E6 /* MYOAViewController.swift in Sources */ = {isa = PBXBuildFile; fileRef = 6BB5F4DA1D415402000284E6 /* MYOAViewController.swift */; };
		6BB5F4DE1D415402000284E6 /* Main.storyboard in Resources */ = {isa = PBXBuildFile; fileRef = 6BB5F4DC1D415402000284E6 /* Main.storyboard */; };
		6BB5F4E01D415402000284E6 /* Assets.xcassets in Resources */ = {isa = PBXBuildFile; fileRef = 6BB5F4DF1D415402000284E6 /* Assets.xcassets */; };
		6BB5F4E31D415402000284E6 /* LaunchScreen.storyboard in Resources */ = {isa = PBXBuildFile; fileRef = 6BB5F4E11D415402000284E6 /* LaunchScreen.storyboard */; };
		6BB5F4EE1D415402000284E6 /* MYOATests.swift in Sources */ = {isa = PBXBuildFile; fileRef = 6BB5F4ED1D415402000284E6 /* MYOATests.swift */; };
		6BB5F4F91D415402000284E6 /* MYOAUITests.swift in Sources */ = {isa = PBXBuildFile; fileRef = 6BB5F4F81D415402000284E6 /* MYOAUITests.swift */; };
/* End PBXBuildFile section */

/* Begin PBXContainerItemProxy section */
		6BB5F4EA1D415402000284E6 /* PBXContainerItemProxy */ = {
			isa = PBXContainerItemProxy;
			containerPortal = 6BB5F4CD1D415402000284E6 /* Project object */;
			proxyType = 1;
			remoteGlobalIDString = 6BB5F4D41D415402000284E6;
			remoteInfo = MYOA;
		};
		6BB5F4F51D415402000284E6 /* PBXContainerItemProxy */ = {
			isa = PBXContainerItemProxy;
			containerPortal = 6BB5F4CD1D415402000284E6 /* Project object */;
			proxyType = 1;
			remoteGlobalIDString = 6BB5F4D41D415402000284E6;
			remoteInfo = MYOA;
		};
/* End PBXContainerItemProxy section */

/* Begin PBXFileReference section */
		6BB5F4D51D415402000284E6 /* MYOA.app */ = {isa = PBXFileReference; explicitFileType = wrapper.application; includeInIndex = 0; path = MYOA.app; sourceTree = BUILT_PRODUCTS_DIR; };
		6BB5F4D81D415402000284E6 /* AppDelegate.swift */ = {isa = PBXFileReference; lastKnownFileType = sourcecode.swift; path = AppDelegate.swift; sourceTree = "<group>"; };
		6BB5F4DA1D415402000284E6 /* MYOAViewController.swift */ = {isa = PBXFileReference; lastKnownFileType = sourcecode.swift; path = MYOAViewController.swift; sourceTree = "<group>"; };
		6BB5F4DD1D415402000284E6 /* Base */ = {isa = PBXFileReference; lastKnownFileType = file.storyboard; name = Base; path = Base.lproj/Main.storyboard; sourceTree = "<group>"; };
		6BB5F4DF1D415402000284E6 /* Assets.xcassets */ = {isa = PBXFileReference; lastKnownFileType = folder.assetcatalog; path = Assets.xcassets; sourceTree = "<group>"; };
		6BB5F4E21D415402000284E6 /* Base */ = {isa = PBXFileReference; lastKnownFileType = file.storyboard; name = Base; path = Base.lproj/LaunchScreen.storyboard; sourceTree = "<group>"; };
		6BB5F4E41D415402000284E6 /* Info.plist */ = {isa = PBXFileReference; lastKnownFileType = text.plist.xml; path = Info.plist; sourceTree = "<group>"; };
		6BB5F4E91D415402000284E6 /* MYOATests.xctest */ = {isa = PBXFileReference; explicitFileType = wrapper.cfbundle; includeInIndex = 0; path = MYOATests.xctest; sourceTree = BUILT_PRODUCTS_DIR; };
		6BB5F4ED1D415402000284E6 /* MYOATests.swift */ = {isa = PBXFileReference; lastKnownFileType = sourcecode.swift; path = MYOATests.swift; sourceTree = "<group>"; };
		6BB5F4EF1D415402000284E6 /* Info.plist */ = {isa = PBXFileReference; lastKnownFileType = text.plist.xml; path = Info.plist; sourceTree = "<group>"; };
		6BB5F4F41D415402000284E6 /* MYOAUITests.xctest */ = {isa = PBXFileReference; explicitFileType = wrapper.cfbundle; includeInIndex = 0; path = MYOAUITests.xctest; sourceTree = BUILT_PRODUCTS_DIR; };
		6BB5F4F81D415402000284E6 /* MYOAUITests.swift */ = {isa = PBXFileReference; lastKnownFileType = sourcecode.swift; path = MYOAUITests.swift; sourceTree = "<group>"; };
		6BB5F4FA1D415402000284E6 /* Info.plist */ = {isa = PBXFileReference; lastKnownFileType = text.plist.xml; path = Info.plist; sourceTree = "<group>"; };
/* End PBXFileReference section */

/* Begin PBXFrameworksBuildPhase section */
		6BB5F4D21D415402000284E6 /* Frameworks */ = {
			isa = PBXFrameworksBuildPhase;
			buildActionMask = 2147483647;
			files = (
			);
			runOnlyForDeploymentPostprocessing = 0;
		};
		6BB5F4E61D415402000284E6 /* Frameworks */ = {
			isa = PBXFrameworksBuildPhase;
			buildActionMask = 2147483647;
			files = (
			);
			runOnlyForDeploymentPostprocessing = 0;
		};
		6BB5F4F11D415402000284E6 /* Frameworks */ = {
			isa = PBXFrameworksBuildPhase;
			buildActionMask = 2147483647;
			files = (
			);
			runOnlyForDeploymentPostprocessing = 0;
		};
/* End PBXFrameworksBuildPhase section */

/* Begin PBXGroup section */
		6BB5F4CC1D415402000284E6 = {
			isa = PBXGroup;
			children = (
				6BB5F4D71D415402000284E6 /* MYOA */,
				6BB5F4EC1D415402000284E6 /* MYOATests */,
				6BB5F4F71D415402000284E6 /* MYOAUITests */,
				6BB5F4D61D415402000284E6 /* Products */,
			);
			sourceTree = "<group>";
		};
		6BB5F4D61D415402000284E6 /* Products */ = {
			isa = PBXGroup;
			children = (
				6BB5F4D51D415402000284E6 /* MYOA.app */,
				6BB5F4E91D415402000284E6 /* MYOATests.xctest */,
				6BB5F4F41D415402000284E6 /* MYOAUITests.xctest */,
			);
			name = Products;
			sourceTree = "<group>";
		};
		6BB5F4D71D415402000284E6 /* MYOA */ = {
			isa = PBXGroup;
			children = (
				6BB5F4D81D415402000284E6 /* AppDelegate.swift */,
				6BB5F4DA1D415402000284E6 /* MYOAViewController.swift */,
				6BB5F4DC1D415402000284E6 /* Main.storyboard */,
				6BB5F4DF1D415402000284E6 /* Assets.xcassets */,
				6BB5F4E11D415402000284E6 /* LaunchScreen.storyboard */,
				6BB5F4E41D415402000284E6 /* Info.plist */,
			);
			path = MYOA;
			sourceTree = "<group>";
		};
		6BB5F4EC1D415402000284E6 /* MYOATests */ = {
			isa = PBXGroup;
			children = (
				6BB5F4ED1D415402000284E6 /* MYOATests.swift */,
				6BB5F4EF1D415402000284E6 /* Info.plist */,
			);
			path = MYOATests;
			sourceTree = "<group>";
		};
		6BB5F4F71D415402000284E6 /* MYOAUITests */ = {
			isa = PBXGroup;
			children = (
				6BB5F4F81D415402000284E6 /* MYOAUITests.swift */,
				6BB5F4FA1D415402000284E6 /* Info.plist */,
			);
			path = MYOAUITests;
			sourceTree = "<group>";
		};
/* End PBXGroup section */

/* Begin PBXNativeTarget section */
		6BB5F4D41D415402000284E6 /* MYOA */ = {
			isa = PBXNativeTarget;
			buildConfigurationList = 6BB5F4FD1D415402000284E6 /* Build configuration list for PBXNativeTarget "MYOA" */;
			buildPhases = (
				6BB5F4D11D415402000284E6 /* Sources */,
				6BB5F4D21D415402000284E6 /* Frameworks */,
				6BB5F4D31D415402000284E6 /* Resources */,
			);
			buildRules = (
			);
			dependencies = (
			);
			name = MYOA;
			productName = MYOA;
			productReference = 6BB5F4D51D415402000284E6 /* MYOA.app */;
			productType = "com.apple.product-type.application";
		};
		6BB5F4E81D415402000284E6 /* MYOATests */ = {
			isa = PBXNativeTarget;
			buildConfigurationList = 6BB5F5001D415402000284E6 /* Build configuration list for PBXNativeTarget "MYOATests" */;
			buildPhases = (
				6BB5F4E51D415402000284E6 /* Sources */,
				6BB5F4E61D415402000284E6 /* Frameworks */,
				6BB5F4E71D415402000284E6 /* Resources */,
			);
			buildRules = (
			);
			dependencies = (
				6BB5F4EB1D415402000284E6 /* PBXTargetDependency */,
			);
			name = MYOATests;
			productName = MYOATests;
			productReference = 6BB5F4E91D415402000284E6 /* MYOATests.xctest */;
			productType = "com.apple.product-type.bundle.unit-test";
		};
		6BB5F4F31D415402000284E6 /* MYOAUITests */ = {
			isa = PBXNativeTarget;
			buildConfigurationList = 6BB5F5031D415402000284E6 /* Build configuration list for PBXNativeTarget "MYOAUITests" */;
			buildPhases = (
				6BB5F4F01D415402000284E6 /* Sources */,
				6BB5F4F11D415402000284E6 /* Frameworks */,
				6BB5F4F21D415402000284E6 /* Resources */,
			);
			buildRules = (
			);
			dependencies = (
				6BB5F4F61D415402000284E6 /* PBXTargetDependency */,
			);
			name = MYOAUITests;
			productName = MYOAUITests;
			productReference = 6BB5F4F41D415402000284E6 /* MYOAUITests.xctest */;
			productType = "com.apple.product-type.bundle.ui-testing";
		};
/* End PBXNativeTarget section */

/* Begin PBXProject section */
		6BB5F4CD1D415402000284E6 /* Project object */ = {
			isa = PBXProject;
			attributes = {
				LastSwiftUpdateCheck = 0730;
				LastUpgradeCheck = 0730;
				ORGANIZATIONNAME = "Juntian Tao";
				TargetAttributes = {
					6BB5F4D41D415402000284E6 = {
						CreatedOnToolsVersion = 7.3.1;
					};
					6BB5F4E81D415402000284E6 = {
						CreatedOnToolsVersion = 7.3.1;
						TestTargetID = 6BB5F4D41D415402000284E6;
					};
					6BB5F4F31D415402000284E6 = {
						CreatedOnToolsVersion = 7.3.1;
						TestTargetID = 6BB5F4D41D415402000284E6;
					};
				};
			};
			buildConfigurationList = 6BB5F4D01D415402000284E6 /* Build configuration list for PBXProject "MYOA" */;
			compatibilityVersion = "Xcode 3.2";
			developmentRegion = English;
			hasScannedForEncodings = 0;
			knownRegions = (
				en,
				Base,
			);
			mainGroup = 6BB5F4CC1D415402000284E6;
			productRefGroup = 6BB5F4D61D415402000284E6 /* Products */;
			projectDirPath = "";
			projectRoot = "";
			targets = (
				6BB5F4D41D415402000284E6 /* MYOA */,
				6BB5F4E81D415402000284E6 /* MYOATests */,
				6BB5F4F31D415402000284E6 /* MYOAUITests */,
			);
		};
/* End PBXProject section */

/* Begin PBXResourcesBuildPhase section */
		6BB5F4D31D415402000284E6 /* Resources */ = {
			isa = PBXResourcesBuildPhase;
			buildActionMask = 2147483647;
			files = (
				6BB5F4E31D415402000284E6 /* LaunchScreen.storyboard in Resources */,
				6BB5F4E01D415402000284E6 /* Assets.xcassets in Resources */,
				6BB5F4DE1D415402000284E6 /* Main.storyboard in Resources */,
			);
			runOnlyForDeploymentPostprocessing = 0;
		};
		6BB5F4E71D415402000284E6 /* Resources */ = {
			isa = PBXResourcesBuildPhase;
			buildActionMask = 2147483647;
			files = (
			);
			runOnlyForDeploymentPostprocessing = 0;
		};
		6BB5F4F21D415402000284E6 /* Resources */ = {
			isa = PBXResourcesBuildPhase;
			buildActionMask = 2147483647;
			files = (
			);
			runOnlyForDeploymentPostprocessing = 0;
		};
/* End PBXResourcesBuildPhase section */

/* Begin PBXSourcesBuildPhase section */
		6BB5F4D11D415402000284E6 /* Sources */ = {
			isa = PBXSourcesBuildPhase;
			buildActionMask = 2147483647;
			files = (
				6BB5F4DB1D415402000284E6 /* MYOAViewController.swift in Sources */,
				6BB5F4D91D415402000284E6 /* AppDelegate.swift in Sources */,
			);
			runOnlyForDeploymentPostprocessing = 0;
		};
		6BB5F4E51D415402000284E6 /* Sources */ = {
			isa = PBXSourcesBuildPhase;
			buildActionMask = 2147483647;
			files = (
				6BB5F4EE1D415402000284E6 /* MYOATests.swift in Sources */,
			);
			runOnlyForDeploymentPostprocessing = 0;
		};
		6BB5F4F01D415402000284E6 /* Sources */ = {
			isa = PBXSourcesBuildPhase;
			buildActionMask = 2147483647;
			files = (
				6BB5F4F91D415402000284E6 /* MYOAUITests.swift in Sources */,
			);
			runOnlyForDeploymentPostprocessing = 0;
		};
/* End PBXSourcesBuildPhase section */

/* Begin PBXTargetDependency section */
		6BB5F4EB1D415402000284E6 /* PBXTargetDependency */ = {
			isa = PBXTargetDependency;
			target = 6BB5F4D41D415402000284E6 /* MYOA */;
			targetProxy = 6BB5F4EA1D415402000284E6 /* PBXContainerItemProxy */;
		};
		6BB5F4F61D415402000284E6 /* PBXTargetDependency */ = {
			isa = PBXTargetDependency;
			target = 6BB5F4D41D415402000284E6 /* MYOA */;
			targetProxy = 6BB5F4F51D415402000284E6 /* PBXContainerItemProxy */;
		};
/* End PBXTargetDependency section */

/* Begin PBXVariantGroup section */
		6BB5F4DC1D415402000284E6 /* Main.storyboard */ = {
			isa = PBXVariantGroup;
			children = (
				6BB5F4DD1D415402000284E6 /* Base */,
			);
			name = Main.storyboard;
			sourceTree = "<group>";
		};
		6BB5F4E11D415402000284E6 /* LaunchScreen.storyboard */ = {
			isa = PBXVariantGroup;
			children = (
				6BB5F4E21D415402000284E6 /* Base */,
			);
			name = LaunchScreen.storyboard;
			sourceTree = "<group>";
		};
/* End PBXVariantGroup section */

/* Begin XCBuildConfiguration section */
		6BB5F4FB1D415402000284E6 /* Debug */ = {
			isa = XCBuildConfiguration;
			buildSettings = {
				ALWAYS_SEARCH_USER_PATHS = NO;
				CLANG_ANALYZER_NONNULL = YES;
				CLANG_CXX_LANGUAGE_STANDARD = "gnu++0x";
				CLANG_CXX_LIBRARY = "libc++";
				CLANG_ENABLE_MODULES = YES;
				CLANG_ENABLE_OBJC_ARC = YES;
				CLANG_WARN_BOOL_CONVERSION = YES;
				CLANG_WARN_CONSTANT_CONVERSION = YES;
				CLANG_WARN_DIRECT_OBJC_ISA_USAGE = YES_ERROR;
				CLANG_WARN_EMPTY_BODY = YES;
				CLANG_WARN_ENUM_CONVERSION = YES;
				CLANG_WARN_INT_CONVERSION = YES;
				CLANG_WARN_OBJC_ROOT_CLASS = YES_ERROR;
				CLANG_WARN_UNREACHABLE_CODE = YES;
				CLANG_WARN__DUPLICATE_METHOD_MATCH = YES;
				"CODE_SIGN_IDENTITY[sdk=iphoneos*]" = "iPhone Developer";
				COPY_PHASE_STRIP = NO;
				DEBUG_INFORMATION_FORMAT = dwarf;
				ENABLE_STRICT_OBJC_MSGSEND = YES;
				ENABLE_TESTABILITY = YES;
				GCC_C_LANGUAGE_STANDARD = gnu99;
				GCC_DYNAMIC_NO_PIC = NO;
				GCC_NO_COMMON_BLOCKS = YES;
				GCC_OPTIMIZATION_LEVEL = 0;
				GCC_PREPROCESSOR_DEFINITIONS = (
					"DEBUG=1",
					"$(inherited)",
				);
				GCC_WARN_64_TO_32_BIT_CONVERSION = YES;
				GCC_WARN_ABOUT_RETURN_TYPE = YES_ERROR;
				GCC_WARN_UNDECLARED_SELECTOR = YES;
				GCC_WARN_UNINITIALIZED_AUTOS = YES_AGGRESSIVE;
				GCC_WARN_UNUSED_FUNCTION = YES;
				GCC_WARN_UNUSED_VARIABLE = YES;
				IPHONEOS_DEPLOYMENT_TARGET = 9.3;
				MTL_ENABLE_DEBUG_INFO = YES;
				ONLY_ACTIVE_ARCH = YES;
				SDKROOT = iphoneos;
				SWIFT_OPTIMIZATION_LEVEL = "-Onone";
				TARGETED_DEVICE_FAMILY = "1,2";
			};
			name = Debug;
		};
		6BB5F4FC1D415402000284E6 /* Release */ = {
			isa = XCBuildConfiguration;
			buildSettings = {
				ALWAYS_SEARCH_USER_PATHS = NO;
				CLANG_ANALYZER_NONNULL = YES;
				CLANG_CXX_LANGUAGE_STANDARD = "gnu++0x";
				CLANG_CXX_LIBRARY = "libc++";
				CLANG_ENABLE_MODULES = YES;
				CLANG_ENABLE_OBJC_ARC = YES;
				CLANG_WARN_BOOL_CONVERSION = YES;
				CLANG_WARN_CONSTANT_CONVERSION = YES;
				CLANG_WARN_DIRECT_OBJC_ISA_USAGE = YES_ERROR;
				CLANG_WARN_EMPTY_BODY = YES;
				CLANG_WARN_ENUM_CONVERSION = YES;
				CLANG_WARN_INT_CONVERSION = YES;
				CLANG_WARN_OBJC_ROOT_CLASS = YES_ERROR;
				CLANG_WARN_UNREACHABLE_CODE = YES;
				CLANG_WARN__DUPLICATE_METHOD_MATCH = YES;
				"CODE_SIGN_IDENTITY[sdk=iphoneos*]" = "iPhone Developer";
				COPY_PHASE_STRIP = NO;
				DEBUG_INFORMATION_FORMAT = "dwarf-with-dsym";
				ENABLE_NS_ASSERTIONS = NO;
				ENABLE_STRICT_OBJC_MSGSEND = YES;
				GCC_C_LANGUAGE_STANDARD = gnu99;
				GCC_NO_COMMON_BLOCKS = YES;
				GCC_WARN_64_TO_32_BIT_CONVERSION = YES;
				GCC_WARN_ABOUT_RETURN_TYPE = YES_ERROR;
				GCC_WARN_UNDECLARED_SELECTOR = YES;
				GCC_WARN_UNINITIALIZED_AUTOS = YES_AGGRESSIVE;
				GCC_WARN_UNUSED_FUNCTION = YES;
				GCC_WARN_UNUSED_VARIABLE = YES;
				IPHONEOS_DEPLOYMENT_TARGET = 9.3;
				MTL_ENABLE_DEBUG_INFO = NO;
				SDKROOT = iphoneos;
				TARGETED_DEVICE_FAMILY = "1,2";
				VALIDATE_PRODUCT = YES;
			};
			name = Release;
		};
		6BB5F4FE1D415402000284E6 /* Debug */ = {
			isa = XCBuildConfiguration;
			buildSettings = {
				ASSETCATALOG_COMPILER_APPICON_NAME = AppIcon;
				INFOPLIST_FILE = MYOA/Info.plist;
				LD_RUNPATH_SEARCH_PATHS = "$(inherited) @executable_path/Frameworks";
				PRODUCT_BUNDLE_IDENTIFIER = com.JT.MYOA;
				PRODUCT_NAME = "$(TARGET_NAME)";
			};
			name = Debug;
		};
		6BB5F4FF1D415402000284E6 /* Release */ = {
			isa = XCBuildConfiguration;
			buildSettings = {
				ASSETCATALOG_COMPILER_APPICON_NAME = AppIcon;
				INFOPLIST_FILE = MYOA/Info.plist;
				LD_RUNPATH_SEARCH_PATHS = "$(inherited) @executable_path/Frameworks";
				PRODUCT_BUNDLE_IDENTIFIER = com.JT.MYOA;
				PRODUCT_NAME = "$(TARGET_NAME)";
			};
			name = Release;
		};
		6BB5F5011D415402000284E6 /* Debug */ = {
			isa = XCBuildConfiguration;
			buildSettings = {
				BUNDLE_LOADER = "$(TEST_HOST)";
				INFOPLIST_FILE = MYOATests/Info.plist;
				LD_RUNPATH_SEARCH_PATHS = "$(inherited) @executable_path/Frameworks @loader_path/Frameworks";
				PRODUCT_BUNDLE_IDENTIFIER = com.JT.MYOATests;
				PRODUCT_NAME = "$(TARGET_NAME)";
				TEST_HOST = "$(BUILT_PRODUCTS_DIR)/MYOA.app/MYOA";
			};
			name = Debug;
		};
		6BB5F5021D415402000284E6 /* Release */ = {
			isa = XCBuildConfiguration;
			buildSettings = {
				BUNDLE_LOADER = "$(TEST_HOST)";
				INFOPLIST_FILE = MYOATests/Info.plist;
				LD_RUNPATH_SEARCH_PATHS = "$(inherited) @executable_path/Frameworks @loader_path/Frameworks";
				PRODUCT_BUNDLE_IDENTIFIER = com.JT.MYOATests;
				PRODUCT_NAME = "$(TARGET_NAME)";
				TEST_HOST = "$(BUILT_PRODUCTS_DIR)/MYOA.app/MYOA";
			};
			name = Release;
		};
		6BB5F5041D415402000284E6 /* Debug */ = {
			isa = XCBuildConfiguration;
			buildSettings = {
				INFOPLIST_FILE = MYOAUITests/Info.plist;
				LD_RUNPATH_SEARCH_PATHS = "$(inherited) @executable_path/Frameworks @loader_path/Frameworks";
				PRODUCT_BUNDLE_IDENTIFIER = com.JT.MYOAUITests;
				PRODUCT_NAME = "$(TARGET_NAME)";
				TEST_TARGET_NAME = MYOA;
			};
			name = Debug;
		};
		6BB5F5051D415402000284E6 /* Release */ = {
			isa = XCBuildConfiguration;
			buildSettings = {
				INFOPLIST_FILE = MYOAUITests/Info.plist;
				LD_RUNPATH_SEARCH_PATHS = "$(inherited) @executable_path/Frameworks @loader_path/Frameworks";
				PRODUCT_BUNDLE_IDENTIFIER = com.JT.MYOAUITests;
				PRODUCT_NAME = "$(TARGET_NAME)";
				TEST_TARGET_NAME = MYOA;
			};
			name = Release;
		};
/* End XCBuildConfiguration section */

/* Begin XCConfigurationList section */
		6BB5F4D01D415402000284E6 /* Build configuration list for PBXProject "MYOA" */ = {
			isa = XCConfigurationList;
			buildConfigurations = (
				6BB5F4FB1D415402000284E6 /* Debug */,
				6BB5F4FC1D415402000284E6 /* Release */,
			);
			defaultConfigurationIsVisible = 0;
			defaultConfigurationName = Release;
		};
		6BB5F4FD1D415402000284E6 /* Build configuration list for PBXNativeTarget "MYOA" */ = {
			isa = XCConfigurationList;
			buildConfigurations = (
				6BB5F4FE1D415402000284E6 /* Debug */,
				6BB5F4FF1D415402000284E6 /* Release */,
			);
			defaultConfigurationIsVisible = 0;
		};
		6BB5F5001D415402000284E6 /* Build configuration list for PBXNativeTarget "MYOATests" */ = {
			isa = XCConfigurationList;
			buildConfigurations = (
				6BB5F5011D415402000284E6 /* Debug */,
				6BB5F5021D415402000284E6 /* Release */,
			);
			defaultConfigurationIsVisible = 0;
		};
		6BB5F5031D415402000284E6 /* Build configuration list for PBXNativeTarget "MYOAUITests" */ = {
			isa = XCConfigurationList;
			buildConfigurations = (
				6BB5F5041D415402000284E6 /* Debug */,
				6BB5F5051D415402000284E6 /* Release */,
			);
			defaultConfigurationIsVisible = 0;
		};
/* End XCConfigurationList section */
	};
	rootObject = 6BB5F4CD1D415402000284E6 /* Project object */;
}
