// !$*UTF8*$!
{
	archiveVersion = 1;
	classes = {
	};
	objectVersion = 46;
	objects = {

/* Begin PBXBuildFile section */
		6B229C441D3848C80046B340 /* PlaySoundViewController.swift in Sources */ = {isa = PBXBuildFile; fileRef = 6B229C431D3848C80046B340 /* PlaySoundViewController.swift */; };
		6B229C461D387F940046B340 /* PlaySoundsViewControllerExtension.swift in Sources */ = {isa = PBXBuildFile; fileRef = 6B229C451D387F940046B340 /* PlaySoundsViewControllerExtension.swift */; };
		6B79590B1D32AC2D00F08B31 /* AppDelegate.swift in Sources */ = {isa = PBXBuildFile; fileRef = 6B79590A1D32AC2D00F08B31 /* AppDelegate.swift */; };
		6B79590D1D32AC2D00F08B31 /* RecordViewController.swift in Sources */ = {isa = PBXBuildFile; fileRef = 6B79590C1D32AC2D00F08B31 /* RecordViewController.swift */; };
		6B7959101D32AC2D00F08B31 /* Main.storyboard in Resources */ = {isa = PBXBuildFile; fileRef = 6B79590E1D32AC2D00F08B31 /* Main.storyboard */; };
		6B7959121D32AC2D00F08B31 /* Assets.xcassets in Resources */ = {isa = PBXBuildFile; fileRef = 6B7959111D32AC2D00F08B31 /* Assets.xcassets */; };
		6B7959151D32AC2D00F08B31 /* LaunchScreen.storyboard in Resources */ = {isa = PBXBuildFile; fileRef = 6B7959131D32AC2D00F08B31 /* LaunchScreen.storyboard */; };
		6B7959201D32AC2D00F08B31 /* SoundChangerTests.swift in Sources */ = {isa = PBXBuildFile; fileRef = 6B79591F1D32AC2D00F08B31 /* SoundChangerTests.swift */; };
		6B79592B1D32AC2D00F08B31 /* SoundChangerUITests.swift in Sources */ = {isa = PBXBuildFile; fileRef = 6B79592A1D32AC2D00F08B31 /* SoundChangerUITests.swift */; };
/* End PBXBuildFile section */

/* Begin PBXContainerItemProxy section */
		6B79591C1D32AC2D00F08B31 /* PBXContainerItemProxy */ = {
			isa = PBXContainerItemProxy;
			containerPortal = 6B7958FF1D32AC2D00F08B31 /* Project object */;
			proxyType = 1;
			remoteGlobalIDString = 6B7959061D32AC2D00F08B31;
			remoteInfo = SoundChanger;
		};
		6B7959271D32AC2D00F08B31 /* PBXContainerItemProxy */ = {
			isa = PBXContainerItemProxy;
			containerPortal = 6B7958FF1D32AC2D00F08B31 /* Project object */;
			proxyType = 1;
			remoteGlobalIDString = 6B7959061D32AC2D00F08B31;
			remoteInfo = SoundChanger;
		};
/* End PBXContainerItemProxy section */

/* Begin PBXFileReference section */
		6B229C431D3848C80046B340 /* PlaySoundViewController.swift */ = {isa = PBXFileReference; fileEncoding = 4; lastKnownFileType = sourcecode.swift; path = PlaySoundViewController.swift; sourceTree = "<group>"; };
		6B229C451D387F940046B340 /* PlaySoundsViewControllerExtension.swift */ = {isa = PBXFileReference; fileEncoding = 4; lastKnownFileType = sourcecode.swift; path = PlaySoundsViewControllerExtension.swift; sourceTree = "<group>"; };
		6B7959071D32AC2D00F08B31 /* SoundChanger.app */ = {isa = PBXFileReference; explicitFileType = wrapper.application; includeInIndex = 0; path = SoundChanger.app; sourceTree = BUILT_PRODUCTS_DIR; };
		6B79590A1D32AC2D00F08B31 /* AppDelegate.swift */ = {isa = PBXFileReference; lastKnownFileType = sourcecode.swift; path = AppDelegate.swift; sourceTree = "<group>"; };
		6B79590C1D32AC2D00F08B31 /* RecordViewController.swift */ = {isa = PBXFileReference; lastKnownFileType = sourcecode.swift; path = RecordViewController.swift; sourceTree = "<group>"; };
		6B79590F1D32AC2D00F08B31 /* Base */ = {isa = PBXFileReference; lastKnownFileType = file.storyboard; name = Base; path = Base.lproj/Main.storyboard; sourceTree = "<group>"; };
		6B7959111D32AC2D00F08B31 /* Assets.xcassets */ = {isa = PBXFileReference; lastKnownFileType = folder.assetcatalog; path = Assets.xcassets; sourceTree = "<group>"; };
		6B7959141D32AC2D00F08B31 /* Base */ = {isa = PBXFileReference; lastKnownFileType = file.storyboard; name = Base; path = Base.lproj/LaunchScreen.storyboard; sourceTree = "<group>"; };
		6B7959161D32AC2D00F08B31 /* Info.plist */ = {isa = PBXFileReference; lastKnownFileType = text.plist.xml; path = Info.plist; sourceTree = "<group>"; };
		6B79591B1D32AC2D00F08B31 /* SoundChangerTests.xctest */ = {isa = PBXFileReference; explicitFileType = wrapper.cfbundle; includeInIndex = 0; path = SoundChangerTests.xctest; sourceTree = BUILT_PRODUCTS_DIR; };
		6B79591F1D32AC2D00F08B31 /* SoundChangerTests.swift */ = {isa = PBXFileReference; lastKnownFileType = sourcecode.swift; path = SoundChangerTests.swift; sourceTree = "<group>"; };
		6B7959211D32AC2D00F08B31 /* Info.plist */ = {isa = PBXFileReference; lastKnownFileType = text.plist.xml; path = Info.plist; sourceTree = "<group>"; };
		6B7959261D32AC2D00F08B31 /* SoundChangerUITests.xctest */ = {isa = PBXFileReference; explicitFileType = wrapper.cfbundle; includeInIndex = 0; path = SoundChangerUITests.xctest; sourceTree = BUILT_PRODUCTS_DIR; };
		6B79592A1D32AC2D00F08B31 /* SoundChangerUITests.swift */ = {isa = PBXFileReference; lastKnownFileType = sourcecode.swift; path = SoundChangerUITests.swift; sourceTree = "<group>"; };
		6B79592C1D32AC2D00F08B31 /* Info.plist */ = {isa = PBXFileReference; lastKnownFileType = text.plist.xml; path = Info.plist; sourceTree = "<group>"; };
/* End PBXFileReference section */

/* Begin PBXFrameworksBuildPhase section */
		6B7959041D32AC2D00F08B31 /* Frameworks */ = {
			isa = PBXFrameworksBuildPhase;
			buildActionMask = 2147483647;
			files = (
			);
			runOnlyForDeploymentPostprocessing = 0;
		};
		6B7959181D32AC2D00F08B31 /* Frameworks */ = {
			isa = PBXFrameworksBuildPhase;
			buildActionMask = 2147483647;
			files = (
			);
			runOnlyForDeploymentPostprocessing = 0;
		};
		6B7959231D32AC2D00F08B31 /* Frameworks */ = {
			isa = PBXFrameworksBuildPhase;
			buildActionMask = 2147483647;
			files = (
			);
			runOnlyForDeploymentPostprocessing = 0;
		};
/* End PBXFrameworksBuildPhase section */

/* Begin PBXGroup section */
		6B7958FE1D32AC2D00F08B31 = {
			isa = PBXGroup;
			children = (
				6B7959091D32AC2D00F08B31 /* SoundChanger */,
				6B79591E1D32AC2D00F08B31 /* SoundChangerTests */,
				6B7959291D32AC2D00F08B31 /* SoundChangerUITests */,
				6B7959081D32AC2D00F08B31 /* Products */,
			);
			sourceTree = "<group>";
		};
		6B7959081D32AC2D00F08B31 /* Products */ = {
			isa = PBXGroup;
			children = (
				6B7959071D32AC2D00F08B31 /* SoundChanger.app */,
				6B79591B1D32AC2D00F08B31 /* SoundChangerTests.xctest */,
				6B7959261D32AC2D00F08B31 /* SoundChangerUITests.xctest */,
			);
			name = Products;
			sourceTree = "<group>";
		};
		6B7959091D32AC2D00F08B31 /* SoundChanger */ = {
			isa = PBXGroup;
			children = (
				6B229C431D3848C80046B340 /* PlaySoundViewController.swift */,
				6B79590A1D32AC2D00F08B31 /* AppDelegate.swift */,
				6B79590C1D32AC2D00F08B31 /* RecordViewController.swift */,
				6B79590E1D32AC2D00F08B31 /* Main.storyboard */,
				6B7959111D32AC2D00F08B31 /* Assets.xcassets */,
				6B7959131D32AC2D00F08B31 /* LaunchScreen.storyboard */,
				6B7959161D32AC2D00F08B31 /* Info.plist */,
				6B229C451D387F940046B340 /* PlaySoundsViewControllerExtension.swift */,
			);
			path = SoundChanger;
			sourceTree = "<group>";
		};
		6B79591E1D32AC2D00F08B31 /* SoundChangerTests */ = {
			isa = PBXGroup;
			children = (
				6B79591F1D32AC2D00F08B31 /* SoundChangerTests.swift */,
				6B7959211D32AC2D00F08B31 /* Info.plist */,
			);
			path = SoundChangerTests;
			sourceTree = "<group>";
		};
		6B7959291D32AC2D00F08B31 /* SoundChangerUITests */ = {
			isa = PBXGroup;
			children = (
				6B79592A1D32AC2D00F08B31 /* SoundChangerUITests.swift */,
				6B79592C1D32AC2D00F08B31 /* Info.plist */,
			);
			path = SoundChangerUITests;
			sourceTree = "<group>";
		};
/* End PBXGroup section */

/* Begin PBXNativeTarget section */
		6B7959061D32AC2D00F08B31 /* SoundChanger */ = {
			isa = PBXNativeTarget;
			buildConfigurationList = 6B79592F1D32AC2D00F08B31 /* Build configuration list for PBXNativeTarget "SoundChanger" */;
			buildPhases = (
				6B7959031D32AC2D00F08B31 /* Sources */,
				6B7959041D32AC2D00F08B31 /* Frameworks */,
				6B7959051D32AC2D00F08B31 /* Resources */,
			);
			buildRules = (
			);
			dependencies = (
			);
			name = SoundChanger;
			productName = SoundChanger;
			productReference = 6B7959071D32AC2D00F08B31 /* SoundChanger.app */;
			productType = "com.apple.product-type.application";
		};
		6B79591A1D32AC2D00F08B31 /* SoundChangerTests */ = {
			isa = PBXNativeTarget;
			buildConfigurationList = 6B7959321D32AC2D00F08B31 /* Build configuration list for PBXNativeTarget "SoundChangerTests" */;
			buildPhases = (
				6B7959171D32AC2D00F08B31 /* Sources */,
				6B7959181D32AC2D00F08B31 /* Frameworks */,
				6B7959191D32AC2D00F08B31 /* Resources */,
			);
			buildRules = (
			);
			dependencies = (
				6B79591D1D32AC2D00F08B31 /* PBXTargetDependency */,
			);
			name = SoundChangerTests;
			productName = SoundChangerTests;
			productReference = 6B79591B1D32AC2D00F08B31 /* SoundChangerTests.xctest */;
			productType = "com.apple.product-type.bundle.unit-test";
		};
		6B7959251D32AC2D00F08B31 /* SoundChangerUITests */ = {
			isa = PBXNativeTarget;
			buildConfigurationList = 6B7959351D32AC2D00F08B31 /* Build configuration list for PBXNativeTarget "SoundChangerUITests" */;
			buildPhases = (
				6B7959221D32AC2D00F08B31 /* Sources */,
				6B7959231D32AC2D00F08B31 /* Frameworks */,
				6B7959241D32AC2D00F08B31 /* Resources */,
			);
			buildRules = (
			);
			dependencies = (
				6B7959281D32AC2D00F08B31 /* PBXTargetDependency */,
			);
			name = SoundChangerUITests;
			productName = SoundChangerUITests;
			productReference = 6B7959261D32AC2D00F08B31 /* SoundChangerUITests.xctest */;
			productType = "com.apple.product-type.bundle.ui-testing";
		};
/* End PBXNativeTarget section */

/* Begin PBXProject section */
		6B7958FF1D32AC2D00F08B31 /* Project object */ = {
			isa = PBXProject;
			attributes = {
				LastSwiftUpdateCheck = 0730;
				LastUpgradeCheck = 0730;
				ORGANIZATIONNAME = "Juntian Tao";
				TargetAttributes = {
					6B7959061D32AC2D00F08B31 = {
						CreatedOnToolsVersion = 7.3.1;
					};
					6B79591A1D32AC2D00F08B31 = {
						CreatedOnToolsVersion = 7.3.1;
						TestTargetID = 6B7959061D32AC2D00F08B31;
					};
					6B7959251D32AC2D00F08B31 = {
						CreatedOnToolsVersion = 7.3.1;
						TestTargetID = 6B7959061D32AC2D00F08B31;
					};
				};
			};
			buildConfigurationList = 6B7959021D32AC2D00F08B31 /* Build configuration list for PBXProject "SoundChanger" */;
			compatibilityVersion = "Xcode 3.2";
			developmentRegion = English;
			hasScannedForEncodings = 0;
			knownRegions = (
				en,
				Base,
			);
			mainGroup = 6B7958FE1D32AC2D00F08B31;
			productRefGroup = 6B7959081D32AC2D00F08B31 /* Products */;
			projectDirPath = "";
			projectRoot = "";
			targets = (
				6B7959061D32AC2D00F08B31 /* SoundChanger */,
				6B79591A1D32AC2D00F08B31 /* SoundChangerTests */,
				6B7959251D32AC2D00F08B31 /* SoundChangerUITests */,
			);
		};
/* End PBXProject section */

/* Begin PBXResourcesBuildPhase section */
		6B7959051D32AC2D00F08B31 /* Resources */ = {
			isa = PBXResourcesBuildPhase;
			buildActionMask = 2147483647;
			files = (
				6B7959151D32AC2D00F08B31 /* LaunchScreen.storyboard in Resources */,
				6B7959121D32AC2D00F08B31 /* Assets.xcassets in Resources */,
				6B7959101D32AC2D00F08B31 /* Main.storyboard in Resources */,
			);
			runOnlyForDeploymentPostprocessing = 0;
		};
		6B7959191D32AC2D00F08B31 /* Resources */ = {
			isa = PBXResourcesBuildPhase;
			buildActionMask = 2147483647;
			files = (
			);
			runOnlyForDeploymentPostprocessing = 0;
		};
		6B7959241D32AC2D00F08B31 /* Resources */ = {
			isa = PBXResourcesBuildPhase;
			buildActionMask = 2147483647;
			files = (
			);
			runOnlyForDeploymentPostprocessing = 0;
		};
/* End PBXResourcesBuildPhase section */

/* Begin PBXSourcesBuildPhase section */
		6B7959031D32AC2D00F08B31 /* Sources */ = {
			isa = PBXSourcesBuildPhase;
			buildActionMask = 2147483647;
			files = (
				6B229C461D387F940046B340 /* PlaySoundsViewControllerExtension.swift in Sources */,
				6B79590D1D32AC2D00F08B31 /* RecordViewController.swift in Sources */,
				6B229C441D3848C80046B340 /* PlaySoundViewController.swift in Sources */,
				6B79590B1D32AC2D00F08B31 /* AppDelegate.swift in Sources */,
			);
			runOnlyForDeploymentPostprocessing = 0;
		};
		6B7959171D32AC2D00F08B31 /* Sources */ = {
			isa = PBXSourcesBuildPhase;
			buildActionMask = 2147483647;
			files = (
				6B7959201D32AC2D00F08B31 /* SoundChangerTests.swift in Sources */,
			);
			runOnlyForDeploymentPostprocessing = 0;
		};
		6B7959221D32AC2D00F08B31 /* Sources */ = {
			isa = PBXSourcesBuildPhase;
			buildActionMask = 2147483647;
			files = (
				6B79592B1D32AC2D00F08B31 /* SoundChangerUITests.swift in Sources */,
			);
			runOnlyForDeploymentPostprocessing = 0;
		};
/* End PBXSourcesBuildPhase section */

/* Begin PBXTargetDependency section */
		6B79591D1D32AC2D00F08B31 /* PBXTargetDependency */ = {
			isa = PBXTargetDependency;
			target = 6B7959061D32AC2D00F08B31 /* SoundChanger */;
			targetProxy = 6B79591C1D32AC2D00F08B31 /* PBXContainerItemProxy */;
		};
		6B7959281D32AC2D00F08B31 /* PBXTargetDependency */ = {
			isa = PBXTargetDependency;
			target = 6B7959061D32AC2D00F08B31 /* SoundChanger */;
			targetProxy = 6B7959271D32AC2D00F08B31 /* PBXContainerItemProxy */;
		};
/* End PBXTargetDependency section */

/* Begin PBXVariantGroup section */
		6B79590E1D32AC2D00F08B31 /* Main.storyboard */ = {
			isa = PBXVariantGroup;
			children = (
				6B79590F1D32AC2D00F08B31 /* Base */,
			);
			name = Main.storyboard;
			sourceTree = "<group>";
		};
		6B7959131D32AC2D00F08B31 /* LaunchScreen.storyboard */ = {
			isa = PBXVariantGroup;
			children = (
				6B7959141D32AC2D00F08B31 /* Base */,
			);
			name = LaunchScreen.storyboard;
			sourceTree = "<group>";
		};
/* End PBXVariantGroup section */

/* Begin XCBuildConfiguration section */
		6B79592D1D32AC2D00F08B31 /* Debug */ = {
			isa = XCBuildConfiguration;
			buildSettings = {
				ALWAYS_SEARCH_USER_PATHS = NO;
				CLANG_ANALYZER_NONNULL = YES;
				CLANG_CXX_LANGUAGE_STANDARD = "gnu++0x";
				CLANG_CXX_LIBRARY = "libc++";
				CLANG_ENABLE_MODULES = YES;
				CLANG_ENABLE_OBJC_ARC = YES;
				CLANG_WARN_BOOL_CONVERSION = YES;
				CLANG_WARN_CONSTANT_CONVERSION = YES;
				CLANG_WARN_DIRECT_OBJC_ISA_USAGE = YES_ERROR;
				CLANG_WARN_EMPTY_BODY = YES;
				CLANG_WARN_ENUM_CONVERSION = YES;
				CLANG_WARN_INT_CONVERSION = YES;
				CLANG_WARN_OBJC_ROOT_CLASS = YES_ERROR;
				CLANG_WARN_UNREACHABLE_CODE = YES;
				CLANG_WARN__DUPLICATE_METHOD_MATCH = YES;
				"CODE_SIGN_IDENTITY[sdk=iphoneos*]" = "iPhone Developer";
				COPY_PHASE_STRIP = NO;
				DEBUG_INFORMATION_FORMAT = dwarf;
				ENABLE_STRICT_OBJC_MSGSEND = YES;
				ENABLE_TESTABILITY = YES;
				GCC_C_LANGUAGE_STANDARD = gnu99;
				GCC_DYNAMIC_NO_PIC = NO;
				GCC_NO_COMMON_BLOCKS = YES;
				GCC_OPTIMIZATION_LEVEL = 0;
				GCC_PREPROCESSOR_DEFINITIONS = (
					"DEBUG=1",
					"$(inherited)",
				);
				GCC_WARN_64_TO_32_BIT_CONVERSION = YES;
				GCC_WARN_ABOUT_RETURN_TYPE = YES_ERROR;
				GCC_WARN_UNDECLARED_SELECTOR = YES;
				GCC_WARN_UNINITIALIZED_AUTOS = YES_AGGRESSIVE;
				GCC_WARN_UNUSED_FUNCTION = YES;
				GCC_WARN_UNUSED_VARIABLE = YES;
				IPHONEOS_DEPLOYMENT_TARGET = 9.3;
				MTL_ENABLE_DEBUG_INFO = YES;
				ONLY_ACTIVE_ARCH = YES;
				SDKROOT = iphoneos;
				SWIFT_OPTIMIZATION_LEVEL = "-Onone";
				TARGETED_DEVICE_FAMILY = "1,2";
			};
			name = Debug;
		};
		6B79592E1D32AC2D00F08B31 /* Release */ = {
			isa = XCBuildConfiguration;
			buildSettings = {
				ALWAYS_SEARCH_USER_PATHS = NO;
				CLANG_ANALYZER_NONNULL = YES;
				CLANG_CXX_LANGUAGE_STANDARD = "gnu++0x";
				CLANG_CXX_LIBRARY = "libc++";
				CLANG_ENABLE_MODULES = YES;
				CLANG_ENABLE_OBJC_ARC = YES;
				CLANG_WARN_BOOL_CONVERSION = YES;
				CLANG_WARN_CONSTANT_CONVERSION = YES;
				CLANG_WARN_DIRECT_OBJC_ISA_USAGE = YES_ERROR;
				CLANG_WARN_EMPTY_BODY = YES;
				CLANG_WARN_ENUM_CONVERSION = YES;
				CLANG_WARN_INT_CONVERSION = YES;
				CLANG_WARN_OBJC_ROOT_CLASS = YES_ERROR;
				CLANG_WARN_UNREACHABLE_CODE = YES;
				CLANG_WARN__DUPLICATE_METHOD_MATCH = YES;
				"CODE_SIGN_IDENTITY[sdk=iphoneos*]" = "iPhone Developer";
				COPY_PHASE_STRIP = NO;
				DEBUG_INFORMATION_FORMAT = "dwarf-with-dsym";
				ENABLE_NS_ASSERTIONS = NO;
				ENABLE_STRICT_OBJC_MSGSEND = YES;
				GCC_C_LANGUAGE_STANDARD = gnu99;
				GCC_NO_COMMON_BLOCKS = YES;
				GCC_WARN_64_TO_32_BIT_CONVERSION = YES;
				GCC_WARN_ABOUT_RETURN_TYPE = YES_ERROR;
				GCC_WARN_UNDECLARED_SELECTOR = YES;
				GCC_WARN_UNINITIALIZED_AUTOS = YES_AGGRESSIVE;
				GCC_WARN_UNUSED_FUNCTION = YES;
				GCC_WARN_UNUSED_VARIABLE = YES;
				IPHONEOS_DEPLOYMENT_TARGET = 9.3;
				MTL_ENABLE_DEBUG_INFO = NO;
				SDKROOT = iphoneos;
				TARGETED_DEVICE_FAMILY = "1,2";
				VALIDATE_PRODUCT = YES;
			};
			name = Release;
		};
		6B7959301D32AC2D00F08B31 /* Debug */ = {
			isa = XCBuildConfiguration;
			buildSettings = {
				ASSETCATALOG_COMPILER_APPICON_NAME = AppIcon;
				INFOPLIST_FILE = SoundChanger/Info.plist;
				LD_RUNPATH_SEARCH_PATHS = "$(inherited) @executable_path/Frameworks";
				PRODUCT_BUNDLE_IDENTIFIER = com.JT.SoundChanger;
				PRODUCT_NAME = "$(TARGET_NAME)";
			};
			name = Debug;
		};
		6B7959311D32AC2D00F08B31 /* Release */ = {
			isa = XCBuildConfiguration;
			buildSettings = {
				ASSETCATALOG_COMPILER_APPICON_NAME = AppIcon;
				INFOPLIST_FILE = SoundChanger/Info.plist;
				LD_RUNPATH_SEARCH_PATHS = "$(inherited) @executable_path/Frameworks";
				PRODUCT_BUNDLE_IDENTIFIER = com.JT.SoundChanger;
				PRODUCT_NAME = "$(TARGET_NAME)";
			};
			name = Release;
		};
		6B7959331D32AC2D00F08B31 /* Debug */ = {
			isa = XCBuildConfiguration;
			buildSettings = {
				BUNDLE_LOADER = "$(TEST_HOST)";
				INFOPLIST_FILE = SoundChangerTests/Info.plist;
				LD_RUNPATH_SEARCH_PATHS = "$(inherited) @executable_path/Frameworks @loader_path/Frameworks";
				PRODUCT_BUNDLE_IDENTIFIER = com.JT.SoundChangerTests;
				PRODUCT_NAME = "$(TARGET_NAME)";
				TEST_HOST = "$(BUILT_PRODUCTS_DIR)/SoundChanger.app/SoundChanger";
			};
			name = Debug;
		};
		6B7959341D32AC2D00F08B31 /* Release */ = {
			isa = XCBuildConfiguration;
			buildSettings = {
				BUNDLE_LOADER = "$(TEST_HOST)";
				INFOPLIST_FILE = SoundChangerTests/Info.plist;
				LD_RUNPATH_SEARCH_PATHS = "$(inherited) @executable_path/Frameworks @loader_path/Frameworks";
				PRODUCT_BUNDLE_IDENTIFIER = com.JT.SoundChangerTests;
				PRODUCT_NAME = "$(TARGET_NAME)";
				TEST_HOST = "$(BUILT_PRODUCTS_DIR)/SoundChanger.app/SoundChanger";
			};
			name = Release;
		};
		6B7959361D32AC2D00F08B31 /* Debug */ = {
			isa = XCBuildConfiguration;
			buildSettings = {
				INFOPLIST_FILE = SoundChangerUITests/Info.plist;
				LD_RUNPATH_SEARCH_PATHS = "$(inherited) @executable_path/Frameworks @loader_path/Frameworks";
				PRODUCT_BUNDLE_IDENTIFIER = com.JT.SoundChangerUITests;
				PRODUCT_NAME = "$(TARGET_NAME)";
				TEST_TARGET_NAME = SoundChanger;
			};
			name = Debug;
		};
		6B7959371D32AC2D00F08B31 /* Release */ = {
			isa = XCBuildConfiguration;
			buildSettings = {
				INFOPLIST_FILE = SoundChangerUITests/Info.plist;
				LD_RUNPATH_SEARCH_PATHS = "$(inherited) @executable_path/Frameworks @loader_path/Frameworks";
				PRODUCT_BUNDLE_IDENTIFIER = com.JT.SoundChangerUITests;
				PRODUCT_NAME = "$(TARGET_NAME)";
				TEST_TARGET_NAME = SoundChanger;
			};
			name = Release;
		};
/* End XCBuildConfiguration section */

/* Begin XCConfigurationList section */
		6B7959021D32AC2D00F08B31 /* Build configuration list for PBXProject "SoundChanger" */ = {
			isa = XCConfigurationList;
			buildConfigurations = (
				6B79592D1D32AC2D00F08B31 /* Debug */,
				6B79592E1D32AC2D00F08B31 /* Release */,
			);
			defaultConfigurationIsVisible = 0;
			defaultConfigurationName = Release;
		};
		6B79592F1D32AC2D00F08B31 /* Build configuration list for PBXNativeTarget "SoundChanger" */ = {
			isa = XCConfigurationList;
			buildConfigurations = (
				6B7959301D32AC2D00F08B31 /* Debug */,
				6B7959311D32AC2D00F08B31 /* Release */,
			);
			defaultConfigurationIsVisible = 0;
			defaultConfigurationName = Release;
		};
		6B7959321D32AC2D00F08B31 /* Build configuration list for PBXNativeTarget "SoundChangerTests" */ = {
			isa = XCConfigurationList;
			buildConfigurations = (
				6B7959331D32AC2D00F08B31 /* Debug */,
				6B7959341D32AC2D00F08B31 /* Release */,
			);
			defaultConfigurationIsVisible = 0;
			defaultConfigurationName = Release;
		};
		6B7959351D32AC2D00F08B31 /* Build configuration list for PBXNativeTarget "SoundChangerUITests" */ = {
			isa = XCConfigurationList;
			buildConfigurations = (
				6B7959361D32AC2D00F08B31 /* Debug */,
				6B7959371D32AC2D00F08B31 /* Release */,
			);
			defaultConfigurationIsVisible = 0;
			defaultConfigurationName = Release;
		};
/* End XCConfigurationList section */
	};
	rootObject = 6B7958FF1D32AC2D00F08B31 /* Project object */;
}
